
Microsoft Visual Studio Solution File, Format Version 12.00
# Visual Studio Version 16
VisualStudioVersion = 16.0.34031.81
MinimumVisualStudioVersion = 10.0.40219.1
Project("{FAE04EC0-301F-11D3-BF4B-00C04F79EFBC}") = "Racing Simulation", "Racing Simulation.csproj", "{8DA181F4-731F-4400-B570-2E1E04676B03}"
EndProject
Global
	GlobalSection(SolutionConfigurationPlatforms) = preSolution
		Debug|Any CPU = Debug|Any CPU
		Release|Any CPU = Release|Any CPU
	EndGlobalSection
	GlobalSection(ProjectConfigurationPlatforms) = postSolution
		{8DA181F4-731F-4400-B570-2E1E04676B03}.Debug|Any CPU.ActiveCfg = Debug|Any CPU
		{8DA181F4-731F-4400-B570-2E1E04676B03}.Debug|Any CPU.Build.0 = Debug|Any CPU
		{8DA181F4-731F-4400-B570-2E1E04676B03}.Release|Any CPU.ActiveCfg = Release|Any CPU
		{8DA181F4-731F-4400-B570-2E1E04676B03}.Release|Any CPU.Build.0 = Release|Any CPU
	EndGlobalSection
	GlobalSection(SolutionProperties) = preSolution
		HideSolutionNode = FALSE
	EndGlobalSection
	GlobalSection(ExtensibilityGlobals) = postSolution
		SolutionGuid = {32436A71-DF1F-456A-A5B0-2D5631CA02A7}
	EndGlobalSection
EndGlobal
